
Microsoft Visual Studio Solution File, Format Version 12.00
# Visual Studio Version 17
VisualStudioVersion = 17.4.33122.133
MinimumVisualStudioVersion = 10.0.40219.1
Project("{FAE04EC0-301F-11D3-BF4B-00C04F79EFBC}") = "AdventOfCode2022", "AdventOfCode2022\AdventOfCode2022.csproj", "{199E47C6-EBFB-4F32-ACAC-9066448D7EE4}"
EndProject
Global
	GlobalSection(SolutionConfigurationPlatforms) = preSolution
		Debug|Any CPU = Debug|Any CPU
		Release|Any CPU = Release|Any CPU
	EndGlobalSection
	GlobalSection(ProjectConfigurationPlatforms) = postSolution
		{199E47C6-EBFB-4F32-ACAC-9066448D7EE4}.Debug|Any CPU.ActiveCfg = Debug|Any CPU
		{199E47C6-EBFB-4F32-ACAC-9066448D7EE4}.Debug|Any CPU.Build.0 = Debug|Any CPU
		{199E47C6-EBFB-4F32-ACAC-9066448D7EE4}.Release|Any CPU.ActiveCfg = Release|Any CPU
		{199E47C6-EBFB-4F32-ACAC-9066448D7EE4}.Release|Any CPU.Build.0 = Release|Any CPU
	EndGlobalSection
	GlobalSection(SolutionProperties) = preSolution
		HideSolutionNode = FALSE
	EndGlobalSection
	GlobalSection(ExtensibilityGlobals) = postSolution
		SolutionGuid = {E0582D40-0159-4789-B829-2B5B552E1660}
	EndGlobalSection
EndGlobal
